
Microsoft Visual Studio Solution File, Format Version 12.00
# Visual Studio Version 17
VisualStudioVersion = 17.1.32228.430
MinimumVisualStudioVersion = 10.0.40219.1
Project("{FAE04EC0-301F-11D3-BF4B-00C04F79EFBC}") = "sortingAnArray", "sortingAnArray\sortingAnArray.csproj", "{A775642E-69D0-42C0-A306-2B11494A9130}"
EndProject
Global
	GlobalSection(SolutionConfigurationPlatforms) = preSolution
		Debug|Any CPU = Debug|Any CPU
		Release|Any CPU = Release|Any CPU
	EndGlobalSection
	GlobalSection(ProjectConfigurationPlatforms) = postSolution
		{A775642E-69D0-42C0-A306-2B11494A9130}.Debug|Any CPU.ActiveCfg = Debug|Any CPU
		{A775642E-69D0-42C0-A306-2B11494A9130}.Debug|Any CPU.Build.0 = Debug|Any CPU
		{A775642E-69D0-42C0-A306-2B11494A9130}.Release|Any CPU.ActiveCfg = Release|Any CPU
		{A775642E-69D0-42C0-A306-2B11494A9130}.Release|Any CPU.Build.0 = Release|Any CPU
	EndGlobalSection
	GlobalSection(SolutionProperties) = preSolution
		HideSolutionNode = FALSE
	EndGlobalSection
	GlobalSection(ExtensibilityGlobals) = postSolution
		SolutionGuid = {BB06E3CB-4185-4486-952E-D4F83407AB29}
	EndGlobalSection
EndGlobal
